
Microsoft Visual Studio Solution File, Format Version 12.00
Project("{FAE04EC0-301F-11D3-BF4B-00C04F79EFBC}") = "sem1-lab02-server-config", "sem1-lab02-server-config\sem1-lab02-server-config.csproj", "{63130D06-E85B-418B-B039-FEFB387BE722}"
EndProject
Global
	GlobalSection(SolutionConfigurationPlatforms) = preSolution
		Debug|Any CPU = Debug|Any CPU
		Release|Any CPU = Release|Any CPU
	EndGlobalSection
	GlobalSection(ProjectConfigurationPlatforms) = postSolution
		{63130D06-E85B-418B-B039-FEFB387BE722}.Debug|Any CPU.ActiveCfg = Debug|Any CPU
		{63130D06-E85B-418B-B039-FEFB387BE722}.Debug|Any CPU.Build.0 = Debug|Any CPU
		{63130D06-E85B-418B-B039-FEFB387BE722}.Release|Any CPU.ActiveCfg = Release|Any CPU
		{63130D06-E85B-418B-B039-FEFB387BE722}.Release|Any CPU.Build.0 = Release|Any CPU
	EndGlobalSection
EndGlobal
